
Microsoft Visual Studio Solution File, Format Version 12.00
# Visual Studio Version 16
VisualStudioVersion = 16.0.32602.291
MinimumVisualStudioVersion = 10.0.40219.1
Project("{FAE04EC0-301F-11D3-BF4B-00C04F79EFBC}") = "10键值对集合", "10键值对集合.csproj", "{169261BC-6084-4FA1-94D3-8E538205F79A}"
EndProject
Global
	GlobalSection(SolutionConfigurationPlatforms) = preSolution
		Debug|Any CPU = Debug|Any CPU
		Release|Any CPU = Release|Any CPU
	EndGlobalSection
	GlobalSection(ProjectConfigurationPlatforms) = postSolution
		{169261BC-6084-4FA1-94D3-8E538205F79A}.Debug|Any CPU.ActiveCfg = Debug|Any CPU
		{169261BC-6084-4FA1-94D3-8E538205F79A}.Debug|Any CPU.Build.0 = Debug|Any CPU
		{169261BC-6084-4FA1-94D3-8E538205F79A}.Release|Any CPU.ActiveCfg = Release|Any CPU
		{169261BC-6084-4FA1-94D3-8E538205F79A}.Release|Any CPU.Build.0 = Release|Any CPU
	EndGlobalSection
	GlobalSection(SolutionProperties) = preSolution
		HideSolutionNode = FALSE
	EndGlobalSection
	GlobalSection(ExtensibilityGlobals) = postSolution
		SolutionGuid = {C7452261-6167-4108-8872-D618806ECD36}
	EndGlobalSection
EndGlobal
