
Microsoft Visual Studio Solution File, Format Version 12.00
# Visual Studio Version 16
VisualStudioVersion = 16.0.32602.291
MinimumVisualStudioVersion = 10.0.40219.1
Project("{FAE04EC0-301F-11D3-BF4B-00C04F79EFBC}") = "03访问修饰符", "03访问修饰符.csproj", "{52EB6866-E073-4DC4-A8AE-4B69075968C7}"
EndProject
Global
	GlobalSection(SolutionConfigurationPlatforms) = preSolution
		Debug|Any CPU = Debug|Any CPU
		Release|Any CPU = Release|Any CPU
	EndGlobalSection
	GlobalSection(ProjectConfigurationPlatforms) = postSolution
		{52EB6866-E073-4DC4-A8AE-4B69075968C7}.Debug|Any CPU.ActiveCfg = Debug|Any CPU
		{52EB6866-E073-4DC4-A8AE-4B69075968C7}.Debug|Any CPU.Build.0 = Debug|Any CPU
		{52EB6866-E073-4DC4-A8AE-4B69075968C7}.Release|Any CPU.ActiveCfg = Release|Any CPU
		{52EB6866-E073-4DC4-A8AE-4B69075968C7}.Release|Any CPU.Build.0 = Release|Any CPU
	EndGlobalSection
	GlobalSection(SolutionProperties) = preSolution
		HideSolutionNode = FALSE
	EndGlobalSection
	GlobalSection(ExtensibilityGlobals) = postSolution
		SolutionGuid = {0888F52D-4689-40A6-B1F1-D0A26B13DEB6}
	EndGlobalSection
EndGlobal
