
Microsoft Visual Studio Solution File, Format Version 12.00
# Visual Studio Version 16
VisualStudioVersion = 16.0.32602.291
MinimumVisualStudioVersion = 10.0.40219.1
Project("{FAE04EC0-301F-11D3-BF4B-00C04F79EFBC}") = "07装箱和拆箱", "07装箱和拆箱.csproj", "{0BECF5A0-9DC5-4763-A309-C3914EB9531A}"
EndProject
Global
	GlobalSection(SolutionConfigurationPlatforms) = preSolution
		Debug|Any CPU = Debug|Any CPU
		Release|Any CPU = Release|Any CPU
	EndGlobalSection
	GlobalSection(ProjectConfigurationPlatforms) = postSolution
		{0BECF5A0-9DC5-4763-A309-C3914EB9531A}.Debug|Any CPU.ActiveCfg = Debug|Any CPU
		{0BECF5A0-9DC5-4763-A309-C3914EB9531A}.Debug|Any CPU.Build.0 = Debug|Any CPU
		{0BECF5A0-9DC5-4763-A309-C3914EB9531A}.Release|Any CPU.ActiveCfg = Release|Any CPU
		{0BECF5A0-9DC5-4763-A309-C3914EB9531A}.Release|Any CPU.Build.0 = Release|Any CPU
	EndGlobalSection
	GlobalSection(SolutionProperties) = preSolution
		HideSolutionNode = FALSE
	EndGlobalSection
	GlobalSection(ExtensibilityGlobals) = postSolution
		SolutionGuid = {FB0D4B53-4234-46C1-9F35-0A02B5178E52}
	EndGlobalSection
EndGlobal
