
Microsoft Visual Studio Solution File, Format Version 12.00
# Visual Studio Version 16
VisualStudioVersion = 16.0.32602.291
MinimumVisualStudioVersion = 10.0.40219.1
Project("{FAE04EC0-301F-11D3-BF4B-00C04F79EFBC}") = "02打开文件练习", "02打开文件练习.csproj", "{9C32F212-94FA-4758-9B5B-7E25F72CB866}"
EndProject
Global
	GlobalSection(SolutionConfigurationPlatforms) = preSolution
		Debug|Any CPU = Debug|Any CPU
		Release|Any CPU = Release|Any CPU
	EndGlobalSection
	GlobalSection(ProjectConfigurationPlatforms) = postSolution
		{9C32F212-94FA-4758-9B5B-7E25F72CB866}.Debug|Any CPU.ActiveCfg = Debug|Any CPU
		{9C32F212-94FA-4758-9B5B-7E25F72CB866}.Debug|Any CPU.Build.0 = Debug|Any CPU
		{9C32F212-94FA-4758-9B5B-7E25F72CB866}.Release|Any CPU.ActiveCfg = Release|Any CPU
		{9C32F212-94FA-4758-9B5B-7E25F72CB866}.Release|Any CPU.Build.0 = Release|Any CPU
	EndGlobalSection
	GlobalSection(SolutionProperties) = preSolution
		HideSolutionNode = FALSE
	EndGlobalSection
	GlobalSection(ExtensibilityGlobals) = postSolution
		SolutionGuid = {372AB10A-0BCE-479B-A36A-4608B304F211}
	EndGlobalSection
EndGlobal
