
Microsoft Visual Studio Solution File, Format Version 12.00
# Visual Studio Version 16
VisualStudioVersion = 16.0.32602.291
MinimumVisualStudioVersion = 10.0.40219.1
Project("{FAE04EC0-301F-11D3-BF4B-00C04F79EFBC}") = "简单工厂模式之计算器", "简单工厂模式之计算器.csproj", "{752FD406-D151-43C8-A48D-5A402AF6EA9E}"
EndProject
Global
	GlobalSection(SolutionConfigurationPlatforms) = preSolution
		Debug|Any CPU = Debug|Any CPU
		Release|Any CPU = Release|Any CPU
	EndGlobalSection
	GlobalSection(ProjectConfigurationPlatforms) = postSolution
		{752FD406-D151-43C8-A48D-5A402AF6EA9E}.Debug|Any CPU.ActiveCfg = Debug|Any CPU
		{752FD406-D151-43C8-A48D-5A402AF6EA9E}.Debug|Any CPU.Build.0 = Debug|Any CPU
		{752FD406-D151-43C8-A48D-5A402AF6EA9E}.Release|Any CPU.ActiveCfg = Release|Any CPU
		{752FD406-D151-43C8-A48D-5A402AF6EA9E}.Release|Any CPU.Build.0 = Release|Any CPU
	EndGlobalSection
	GlobalSection(SolutionProperties) = preSolution
		HideSolutionNode = FALSE
	EndGlobalSection
	GlobalSection(ExtensibilityGlobals) = postSolution
		SolutionGuid = {C290C898-0DA7-4151-A922-7C250AAE70E2}
	EndGlobalSection
EndGlobal
