
Microsoft Visual Studio Solution File, Format Version 12.00
# Visual Studio Version 16
VisualStudioVersion = 16.0.32602.291
MinimumVisualStudioVersion = 10.0.40219.1
Project("{FAE04EC0-301F-11D3-BF4B-00C04F79EFBC}") = "静态和非静态", "静态和非静态.csproj", "{FD399134-C8CE-465C-98EE-45DB6400C4AB}"
EndProject
Global
	GlobalSection(SolutionConfigurationPlatforms) = preSolution
		Debug|Any CPU = Debug|Any CPU
		Release|Any CPU = Release|Any CPU
	EndGlobalSection
	GlobalSection(ProjectConfigurationPlatforms) = postSolution
		{FD399134-C8CE-465C-98EE-45DB6400C4AB}.Debug|Any CPU.ActiveCfg = Debug|Any CPU
		{FD399134-C8CE-465C-98EE-45DB6400C4AB}.Debug|Any CPU.Build.0 = Debug|Any CPU
		{FD399134-C8CE-465C-98EE-45DB6400C4AB}.Release|Any CPU.ActiveCfg = Release|Any CPU
		{FD399134-C8CE-465C-98EE-45DB6400C4AB}.Release|Any CPU.Build.0 = Release|Any CPU
	EndGlobalSection
	GlobalSection(SolutionProperties) = preSolution
		HideSolutionNode = FALSE
	EndGlobalSection
	GlobalSection(ExtensibilityGlobals) = postSolution
		SolutionGuid = {CAD79659-179C-4BB7-BEA9-08EF33C55D8D}
	EndGlobalSection
EndGlobal
