
Microsoft Visual Studio Solution File, Format Version 12.00
# Visual Studio Version 16
VisualStudioVersion = 16.0.32602.291
MinimumVisualStudioVersion = 10.0.40219.1
Project("{FAE04EC0-301F-11D3-BF4B-00C04F79EFBC}") = "虚方法", "虚方法.csproj", "{D8C1C640-BDC1-49D3-99B5-8F4D6C3E6306}"
EndProject
Global
	GlobalSection(SolutionConfigurationPlatforms) = preSolution
		Debug|Any CPU = Debug|Any CPU
		Release|Any CPU = Release|Any CPU
	EndGlobalSection
	GlobalSection(ProjectConfigurationPlatforms) = postSolution
		{D8C1C640-BDC1-49D3-99B5-8F4D6C3E6306}.Debug|Any CPU.ActiveCfg = Debug|Any CPU
		{D8C1C640-BDC1-49D3-99B5-8F4D6C3E6306}.Debug|Any CPU.Build.0 = Debug|Any CPU
		{D8C1C640-BDC1-49D3-99B5-8F4D6C3E6306}.Release|Any CPU.ActiveCfg = Release|Any CPU
		{D8C1C640-BDC1-49D3-99B5-8F4D6C3E6306}.Release|Any CPU.Build.0 = Release|Any CPU
	EndGlobalSection
	GlobalSection(SolutionProperties) = preSolution
		HideSolutionNode = FALSE
	EndGlobalSection
	GlobalSection(ExtensibilityGlobals) = postSolution
		SolutionGuid = {2635F01F-1F85-44C6-B5E6-652D4A042795}
	EndGlobalSection
EndGlobal
