
Microsoft Visual Studio Solution File, Format Version 12.00
# Visual Studio Version 16
VisualStudioVersion = 16.0.32602.291
MinimumVisualStudioVersion = 10.0.40219.1
Project("{FAE04EC0-301F-11D3-BF4B-00C04F79EFBC}") = "03动物类继承", "03动物类继承.csproj", "{F85FA96C-6EE7-4B1C-B197-42CC5E42C66B}"
EndProject
Global
	GlobalSection(SolutionConfigurationPlatforms) = preSolution
		Debug|Any CPU = Debug|Any CPU
		Release|Any CPU = Release|Any CPU
	EndGlobalSection
	GlobalSection(ProjectConfigurationPlatforms) = postSolution
		{F85FA96C-6EE7-4B1C-B197-42CC5E42C66B}.Debug|Any CPU.ActiveCfg = Debug|Any CPU
		{F85FA96C-6EE7-4B1C-B197-42CC5E42C66B}.Debug|Any CPU.Build.0 = Debug|Any CPU
		{F85FA96C-6EE7-4B1C-B197-42CC5E42C66B}.Release|Any CPU.ActiveCfg = Release|Any CPU
		{F85FA96C-6EE7-4B1C-B197-42CC5E42C66B}.Release|Any CPU.Build.0 = Release|Any CPU
	EndGlobalSection
	GlobalSection(SolutionProperties) = preSolution
		HideSolutionNode = FALSE
	EndGlobalSection
	GlobalSection(ExtensibilityGlobals) = postSolution
		SolutionGuid = {B238BE2C-69A3-4D41-81E8-0BCF26BC2C37}
	EndGlobalSection
EndGlobal
