
Microsoft Visual Studio Solution File, Format Version 12.00
# Visual Studio Version 16
VisualStudioVersion = 16.0.32602.291
MinimumVisualStudioVersion = 10.0.40219.1
Project("{FAE04EC0-301F-11D3-BF4B-00C04F79EFBC}") = "移动设备练习", "移动设备练习.csproj", "{3ACDD37B-2333-413D-82DE-8577B6B8CDBC}"
EndProject
Global
	GlobalSection(SolutionConfigurationPlatforms) = preSolution
		Debug|Any CPU = Debug|Any CPU
		Release|Any CPU = Release|Any CPU
	EndGlobalSection
	GlobalSection(ProjectConfigurationPlatforms) = postSolution
		{3ACDD37B-2333-413D-82DE-8577B6B8CDBC}.Debug|Any CPU.ActiveCfg = Debug|Any CPU
		{3ACDD37B-2333-413D-82DE-8577B6B8CDBC}.Debug|Any CPU.Build.0 = Debug|Any CPU
		{3ACDD37B-2333-413D-82DE-8577B6B8CDBC}.Release|Any CPU.ActiveCfg = Release|Any CPU
		{3ACDD37B-2333-413D-82DE-8577B6B8CDBC}.Release|Any CPU.Build.0 = Release|Any CPU
	EndGlobalSection
	GlobalSection(SolutionProperties) = preSolution
		HideSolutionNode = FALSE
	EndGlobalSection
	GlobalSection(ExtensibilityGlobals) = postSolution
		SolutionGuid = {B30975DE-2F7F-498D-AB56-8010DFF8FC6E}
	EndGlobalSection
EndGlobal
