
Microsoft Visual Studio Solution File, Format Version 12.00
# Visual Studio Version 17
VisualStudioVersion = 17.4.33110.190
MinimumVisualStudioVersion = 10.0.40219.1
Project("{FAE04EC0-301F-11D3-BF4B-00C04F79EFBC}") = "createPractice", "createPractice\createPractice.csproj", "{5F216C13-35EF-455D-A69E-B4F2A28B9099}"
EndProject
Global
	GlobalSection(SolutionConfigurationPlatforms) = preSolution
		Debug|Any CPU = Debug|Any CPU
		Release|Any CPU = Release|Any CPU
	EndGlobalSection
	GlobalSection(ProjectConfigurationPlatforms) = postSolution
		{5F216C13-35EF-455D-A69E-B4F2A28B9099}.Debug|Any CPU.ActiveCfg = Debug|Any CPU
		{5F216C13-35EF-455D-A69E-B4F2A28B9099}.Debug|Any CPU.Build.0 = Debug|Any CPU
		{5F216C13-35EF-455D-A69E-B4F2A28B9099}.Release|Any CPU.ActiveCfg = Release|Any CPU
		{5F216C13-35EF-455D-A69E-B4F2A28B9099}.Release|Any CPU.Build.0 = Release|Any CPU
	EndGlobalSection
	GlobalSection(SolutionProperties) = preSolution
		HideSolutionNode = FALSE
	EndGlobalSection
	GlobalSection(ExtensibilityGlobals) = postSolution
		SolutionGuid = {AC45D700-7218-4CC0-870B-4FD7B4C96F7C}
	EndGlobalSection
EndGlobal
