
Microsoft Visual Studio Solution File, Format Version 12.00
# Visual Studio Version 16
VisualStudioVersion = 16.0.32602.291
MinimumVisualStudioVersion = 10.0.40219.1
Project("{FAE04EC0-301F-11D3-BF4B-00C04F79EFBC}") = "里式转换", "里式转换.csproj", "{A5B898B9-E811-4F33-B087-09073E723911}"
EndProject
Global
	GlobalSection(SolutionConfigurationPlatforms) = preSolution
		Debug|Any CPU = Debug|Any CPU
		Release|Any CPU = Release|Any CPU
	EndGlobalSection
	GlobalSection(ProjectConfigurationPlatforms) = postSolution
		{A5B898B9-E811-4F33-B087-09073E723911}.Debug|Any CPU.ActiveCfg = Debug|Any CPU
		{A5B898B9-E811-4F33-B087-09073E723911}.Debug|Any CPU.Build.0 = Debug|Any CPU
		{A5B898B9-E811-4F33-B087-09073E723911}.Release|Any CPU.ActiveCfg = Release|Any CPU
		{A5B898B9-E811-4F33-B087-09073E723911}.Release|Any CPU.Build.0 = Release|Any CPU
	EndGlobalSection
	GlobalSection(SolutionProperties) = preSolution
		HideSolutionNode = FALSE
	EndGlobalSection
	GlobalSection(ExtensibilityGlobals) = postSolution
		SolutionGuid = {72B346C7-B43A-4F04-8206-46842DA65B41}
	EndGlobalSection
EndGlobal
